
Microsoft Visual Studio Solution File, Format Version 12.00
# Visual Studio Version 17
VisualStudioVersion = 17.3.32901.215
MinimumVisualStudioVersion = 10.0.40219.1
Project("{9A19103F-16F7-4668-BE54-9A1E7A4F7556}") = "Adress", "Adress\Adress.csproj", "{38FE47EF-DB8C-4B2C-894C-7D30C5FE2ECB}"
EndProject
Project("{9A19103F-16F7-4668-BE54-9A1E7A4F7556}") = "User", "User\User.csproj", "{46027CDD-A5AF-4251-AB9E-3D2EA1F3A254}"
EndProject
Project("{9A19103F-16F7-4668-BE54-9A1E7A4F7556}") = "Converter", "Converter\Converter.csproj", "{5F7F485A-A8CA-4CD8-9B68-7896298D0FBA}"
EndProject
Project("{FAE04EC0-301F-11D3-BF4B-00C04F79EFBC}") = "Emploee", "Emploee\Emploee.csproj", "{FC7E88E8-527E-48D5-8647-3FE72C976D0A}"
EndProject
Global
	GlobalSection(SolutionConfigurationPlatforms) = preSolution
		Debug|Any CPU = Debug|Any CPU
		Release|Any CPU = Release|Any CPU
	EndGlobalSection
	GlobalSection(ProjectConfigurationPlatforms) = postSolution
		{38FE47EF-DB8C-4B2C-894C-7D30C5FE2ECB}.Debug|Any CPU.ActiveCfg = Debug|Any CPU
		{38FE47EF-DB8C-4B2C-894C-7D30C5FE2ECB}.Debug|Any CPU.Build.0 = Debug|Any CPU
		{38FE47EF-DB8C-4B2C-894C-7D30C5FE2ECB}.Release|Any CPU.ActiveCfg = Release|Any CPU
		{38FE47EF-DB8C-4B2C-894C-7D30C5FE2ECB}.Release|Any CPU.Build.0 = Release|Any CPU
		{46027CDD-A5AF-4251-AB9E-3D2EA1F3A254}.Debug|Any CPU.ActiveCfg = Debug|Any CPU
		{46027CDD-A5AF-4251-AB9E-3D2EA1F3A254}.Debug|Any CPU.Build.0 = Debug|Any CPU
		{46027CDD-A5AF-4251-AB9E-3D2EA1F3A254}.Release|Any CPU.ActiveCfg = Release|Any CPU
		{46027CDD-A5AF-4251-AB9E-3D2EA1F3A254}.Release|Any CPU.Build.0 = Release|Any CPU
		{5F7F485A-A8CA-4CD8-9B68-7896298D0FBA}.Debug|Any CPU.ActiveCfg = Debug|Any CPU
		{5F7F485A-A8CA-4CD8-9B68-7896298D0FBA}.Debug|Any CPU.Build.0 = Debug|Any CPU
		{5F7F485A-A8CA-4CD8-9B68-7896298D0FBA}.Release|Any CPU.ActiveCfg = Release|Any CPU
		{5F7F485A-A8CA-4CD8-9B68-7896298D0FBA}.Release|Any CPU.Build.0 = Release|Any CPU
		{FC7E88E8-527E-48D5-8647-3FE72C976D0A}.Debug|Any CPU.ActiveCfg = Debug|Any CPU
		{FC7E88E8-527E-48D5-8647-3FE72C976D0A}.Debug|Any CPU.Build.0 = Debug|Any CPU
		{FC7E88E8-527E-48D5-8647-3FE72C976D0A}.Release|Any CPU.ActiveCfg = Release|Any CPU
		{FC7E88E8-527E-48D5-8647-3FE72C976D0A}.Release|Any CPU.Build.0 = Release|Any CPU
	EndGlobalSection
	GlobalSection(SolutionProperties) = preSolution
		HideSolutionNode = FALSE
	EndGlobalSection
	GlobalSection(ExtensibilityGlobals) = postSolution
		SolutionGuid = {2AA11271-8DD8-4872-B55C-6309B0B77F3F}
	EndGlobalSection
EndGlobal
